// !$*UTF8*$!
{
	archiveVersion = 1;
	classes = {
	};
	objectVersion = 50;
	objects = {

/* Begin PBXBuildFile section */
		8B2788AE22E01D74008E586E /* AppDelegate.swift in Sources */ = {isa = PBXBuildFile; fileRef = 8B2788AD22E01D74008E586E /* AppDelegate.swift */; };
		8B2788B022E01D74008E586E /* MainViewController.swift in Sources */ = {isa = PBXBuildFile; fileRef = 8B2788AF22E01D74008E586E /* MainViewController.swift */; };
		8B2788B522E01D76008E586E /* Assets.xcassets in Resources */ = {isa = PBXBuildFile; fileRef = 8B2788B422E01D76008E586E /* Assets.xcassets */; };
		8B2788B822E01D76008E586E /* LaunchScreen.storyboard in Resources */ = {isa = PBXBuildFile; fileRef = 8B2788B622E01D76008E586E /* LaunchScreen.storyboard */; };
		8B6B322C22E0251D004A5F7E /* PetThumbnailCollectionViewCell.swift in Sources */ = {isa = PBXBuildFile; fileRef = 8B6B322A22E0251D004A5F7E /* PetThumbnailCollectionViewCell.swift */; };
		8B85204A22E166820013C21E /* PetRoundedThumbnailCollectionViewCell.swift in Sources */ = {isa = PBXBuildFile; fileRef = 8B85204922E166820013C21E /* PetRoundedThumbnailCollectionViewCell.swift */; };
		8BFF3D4822E44CF1001FD121 /* Cat.swift in Sources */ = {isa = PBXBuildFile; fileRef = 8BFF3D4722E44CF1001FD121 /* Cat.swift */; };
/* End PBXBuildFile section */

/* Begin PBXFileReference section */
		8B2788AA22E01D73008E586E /* PetsDiffingiOS13.app */ = {isa = PBXFileReference; explicitFileType = wrapper.application; includeInIndex = 0; path = PetsDiffingiOS13.app; sourceTree = BUILT_PRODUCTS_DIR; };
		8B2788AD22E01D74008E586E /* AppDelegate.swift */ = {isa = PBXFileReference; lastKnownFileType = sourcecode.swift; path = AppDelegate.swift; sourceTree = "<group>"; };
		8B2788AF22E01D74008E586E /* MainViewController.swift */ = {isa = PBXFileReference; lastKnownFileType = sourcecode.swift; path = MainViewController.swift; sourceTree = "<group>"; };
		8B2788B422E01D76008E586E /* Assets.xcassets */ = {isa = PBXFileReference; lastKnownFileType = folder.assetcatalog; path = Assets.xcassets; sourceTree = "<group>"; };
		8B2788B722E01D76008E586E /* Base */ = {isa = PBXFileReference; lastKnownFileType = file.storyboard; name = Base; path = Base.lproj/LaunchScreen.storyboard; sourceTree = "<group>"; };
		8B2788B922E01D76008E586E /* Info.plist */ = {isa = PBXFileReference; lastKnownFileType = text.plist.xml; path = Info.plist; sourceTree = "<group>"; };
		8B6B322A22E0251D004A5F7E /* PetThumbnailCollectionViewCell.swift */ = {isa = PBXFileReference; lastKnownFileType = sourcecode.swift; path = PetThumbnailCollectionViewCell.swift; sourceTree = "<group>"; };
		8B85204922E166820013C21E /* PetRoundedThumbnailCollectionViewCell.swift */ = {isa = PBXFileReference; lastKnownFileType = sourcecode.swift; path = PetRoundedThumbnailCollectionViewCell.swift; sourceTree = "<group>"; };
		8BFF3D4722E44CF1001FD121 /* Cat.swift */ = {isa = PBXFileReference; lastKnownFileType = sourcecode.swift; path = Cat.swift; sourceTree = "<group>"; };
/* End PBXFileReference section */

/* Begin PBXFrameworksBuildPhase section */
		8B2788A722E01D73008E586E /* Frameworks */ = {
			isa = PBXFrameworksBuildPhase;
			buildActionMask = 2147483647;
			files = (
			);
			runOnlyForDeploymentPostprocessing = 0;
		};
/* End PBXFrameworksBuildPhase section */

/* Begin PBXGroup section */
		8B2788A122E01D73008E586E = {
			isa = PBXGroup;
			children = (
				8B2788AC22E01D73008E586E /* PetsDiffingiOS13 */,
				8B2788AB22E01D73008E586E /* Products */,
			);
			sourceTree = "<group>";
		};
		8B2788AB22E01D73008E586E /* Products */ = {
			isa = PBXGroup;
			children = (
				8B2788AA22E01D73008E586E /* PetsDiffingiOS13.app */,
			);
			name = Products;
			sourceTree = "<group>";
		};
		8B2788AC22E01D73008E586E /* PetsDiffingiOS13 */ = {
			isa = PBXGroup;
			children = (
				8BFF3D4D22E49D55001FD121 /* Controllers */,
				8BFF3D4C22E49D4D001FD121 /* Models */,
				8BFF3D4B22E49D45001FD121 /* Cells */,
				8B2788B422E01D76008E586E /* Assets.xcassets */,
				8B2788AD22E01D74008E586E /* AppDelegate.swift */,
				8B2788B622E01D76008E586E /* LaunchScreen.storyboard */,
				8B2788B922E01D76008E586E /* Info.plist */,
			);
			path = PetsDiffingiOS13;
			sourceTree = "<group>";
		};
		8BFF3D4B22E49D45001FD121 /* Cells */ = {
			isa = PBXGroup;
			children = (
				8B6B322A22E0251D004A5F7E /* PetThumbnailCollectionViewCell.swift */,
				8B85204922E166820013C21E /* PetRoundedThumbnailCollectionViewCell.swift */,
			);
			path = Cells;
			sourceTree = "<group>";
		};
		8BFF3D4C22E49D4D001FD121 /* Models */ = {
			isa = PBXGroup;
			children = (
				8BFF3D4722E44CF1001FD121 /* Cat.swift */,
			);
			path = Models;
			sourceTree = "<group>";
		};
		8BFF3D4D22E49D55001FD121 /* Controllers */ = {
			isa = PBXGroup;
			children = (
				8B2788AF22E01D74008E586E /* MainViewController.swift */,
			);
			path = Controllers;
			sourceTree = "<group>";
		};
/* End PBXGroup section */

/* Begin PBXNativeTarget section */
		8B2788A922E01D73008E586E /* PetsDiffingiOS13 */ = {
			isa = PBXNativeTarget;
			buildConfigurationList = 8B2788BC22E01D76008E586E /* Build configuration list for PBXNativeTarget "PetsDiffingiOS13" */;
			buildPhases = (
				8B2788A622E01D73008E586E /* Sources */,
				8B2788A722E01D73008E586E /* Frameworks */,
				8B2788A822E01D73008E586E /* Resources */,
			);
			buildRules = (
			);
			dependencies = (
			);
			name = PetsDiffingiOS13;
			productName = PetsDiffingiOS13;
			productReference = 8B2788AA22E01D73008E586E /* PetsDiffingiOS13.app */;
			productType = "com.apple.product-type.application";
		};
/* End PBXNativeTarget section */

/* Begin PBXProject section */
		8B2788A222E01D73008E586E /* Project object */ = {
			isa = PBXProject;
			attributes = {
				LastSwiftUpdateCheck = 1020;
				LastUpgradeCheck = 1020;
				ORGANIZATIONNAME = alfianlosari;
				TargetAttributes = {
					8B2788A922E01D73008E586E = {
						CreatedOnToolsVersion = 10.2.1;
					};
				};
			};
			buildConfigurationList = 8B2788A522E01D73008E586E /* Build configuration list for PBXProject "PetsDiffingiOS13" */;
			compatibilityVersion = "Xcode 9.3";
			developmentRegion = en;
			hasScannedForEncodings = 0;
			knownRegions = (
				en,
				Base,
			);
			mainGroup = 8B2788A122E01D73008E586E;
			productRefGroup = 8B2788AB22E01D73008E586E /* Products */;
			projectDirPath = "";
			projectRoot = "";
			targets = (
				8B2788A922E01D73008E586E /* PetsDiffingiOS13 */,
			);
		};
/* End PBXProject section */

/* Begin PBXResourcesBuildPhase section */
		8B2788A822E01D73008E586E /* Resources */ = {
			isa = PBXResourcesBuildPhase;
			buildActionMask = 2147483647;
			files = (
				8B2788B822E01D76008E586E /* LaunchScreen.storyboard in Resources */,
				8B2788B522E01D76008E586E /* Assets.xcassets in Resources */,
			);
			runOnlyForDeploymentPostprocessing = 0;
		};
/* End PBXResourcesBuildPhase section */

/* Begin PBXSourcesBuildPhase section */
		8B2788A622E01D73008E586E /* Sources */ = {
			isa = PBXSourcesBuildPhase;
			buildActionMask = 2147483647;
			files = (
				8B2788B022E01D74008E586E /* MainViewController.swift in Sources */,
				8B6B322C22E0251D004A5F7E /* PetThumbnailCollectionViewCell.swift in Sources */,
				8BFF3D4822E44CF1001FD121 /* Cat.swift in Sources */,
				8B2788AE22E01D74008E586E /* AppDelegate.swift in Sources */,
				8B85204A22E166820013C21E /* PetRoundedThumbnailCollectionViewCell.swift in Sources */,
			);
			runOnlyForDeploymentPostprocessing = 0;
		};
/* End PBXSourcesBuildPhase section */

/* Begin PBXVariantGroup section */
		8B2788B622E01D76008E586E /* LaunchScreen.storyboard */ = {
			isa = PBXVariantGroup;
			children = (
				8B2788B722E01D76008E586E /* Base */,
			);
			name = LaunchScreen.storyboard;
			sourceTree = "<group>";
		};
/* End PBXVariantGroup section */

/* Begin XCBuildConfiguration section */
		8B2788BA22E01D76008E586E /* Debug */ = {
			isa = XCBuildConfiguration;
			buildSettings = {
				ALWAYS_SEARCH_USER_PATHS = NO;
				CLANG_ANALYZER_NONNULL = YES;
				CLANG_ANALYZER_NUMBER_OBJECT_CONVERSION = YES_AGGRESSIVE;
				CLANG_CXX_LANGUAGE_STANDARD = "gnu++14";
				CLANG_CXX_LIBRARY = "libc++";
				CLANG_ENABLE_MODULES = YES;
				CLANG_ENABLE_OBJC_ARC = YES;
				CLANG_ENABLE_OBJC_WEAK = YES;
				CLANG_WARN_BLOCK_CAPTURE_AUTORELEASING = YES;
				CLANG_WARN_BOOL_CONVERSION = YES;
				CLANG_WARN_COMMA = YES;
				CLANG_WARN_CONSTANT_CONVERSION = YES;
				CLANG_WARN_DEPRECATED_OBJC_IMPLEMENTATIONS = YES;
				CLANG_WARN_DIRECT_OBJC_ISA_USAGE = YES_ERROR;
				CLANG_WARN_DOCUMENTATION_COMMENTS = YES;
				CLANG_WARN_EMPTY_BODY = YES;
				CLANG_WARN_ENUM_CONVERSION = YES;
				CLANG_WARN_INFINITE_RECURSION = YES;
				CLANG_WARN_INT_CONVERSION = YES;
				CLANG_WARN_NON_LITERAL_NULL_CONVERSION = YES;
				CLANG_WARN_OBJC_IMPLICIT_RETAIN_SELF = YES;
				CLANG_WARN_OBJC_LITERAL_CONVERSION = YES;
				CLANG_WARN_OBJC_ROOT_CLASS = YES_ERROR;
				CLANG_WARN_RANGE_LOOP_ANALYSIS = YES;
				CLANG_WARN_STRICT_PROTOTYPES = YES;
				CLANG_WARN_SUSPICIOUS_MOVE = YES;
				CLANG_WARN_UNGUARDED_AVAILABILITY = YES_AGGRESSIVE;
				CLANG_WARN_UNREACHABLE_CODE = YES;
				CLANG_WARN__DUPLICATE_METHOD_MATCH = YES;
				CODE_SIGN_IDENTITY = "iPhone Developer";
				COPY_PHASE_STRIP = NO;
				DEBUG_INFORMATION_FORMAT = dwarf;
				ENABLE_STRICT_OBJC_MSGSEND = YES;
				ENABLE_TESTABILITY = YES;
				GCC_C_LANGUAGE_STANDARD = gnu11;
				GCC_DYNAMIC_NO_PIC = NO;
				GCC_NO_COMMON_BLOCKS = YES;
				GCC_OPTIMIZATION_LEVEL = 0;
				GCC_PREPROCESSOR_DEFINITIONS = (
					"DEBUG=1",
					"$(inherited)",
				);
				GCC_WARN_64_TO_32_BIT_CONVERSION = YES;
				GCC_WARN_ABOUT_RETURN_TYPE = YES_ERROR;
				GCC_WARN_UNDECLARED_SELECTOR = YES;
				GCC_WARN_UNINITIALIZED_AUTOS = YES_AGGRESSIVE;
				GCC_WARN_UNUSED_FUNCTION = YES;
				GCC_WARN_UNUSED_VARIABLE = YES;
				IPHONEOS_DEPLOYMENT_TARGET = 13.0;
				MTL_ENABLE_DEBUG_INFO = INCLUDE_SOURCE;
				MTL_FAST_MATH = YES;
				ONLY_ACTIVE_ARCH = YES;
				SDKROOT = iphoneos;
				SWIFT_ACTIVE_COMPILATION_CONDITIONS = DEBUG;
				SWIFT_OPTIMIZATION_LEVEL = "-Onone";
			};
			name = Debug;
		};
		8B2788BB22E01D76008E586E /* Release */ = {
			isa = XCBuildConfiguration;
			buildSettings = {
				ALWAYS_SEARCH_USER_PATHS = NO;
				CLANG_ANALYZER_NONNULL = YES;
				CLANG_ANALYZER_NUMBER_OBJECT_CONVERSION = YES_AGGRESSIVE;
				CLANG_CXX_LANGUAGE_STANDARD = "gnu++14";
				CLANG_CXX_LIBRARY = "libc++";
				CLANG_ENABLE_MODULES = YES;
				CLANG_ENABLE_OBJC_ARC = YES;
				CLANG_ENABLE_OBJC_WEAK = YES;
				CLANG_WARN_BLOCK_CAPTURE_AUTORELEASING = YES;
				CLANG_WARN_BOOL_CONVERSION = YES;
				CLANG_WARN_COMMA = YES;
				CLANG_WARN_CONSTANT_CONVERSION = YES;
				CLANG_WARN_DEPRECATED_OBJC_IMPLEMENTATIONS = YES;
				CLANG_WARN_DIRECT_OBJC_ISA_USAGE = YES_ERROR;
				CLANG_WARN_DOCUMENTATION_COMMENTS = YES;
				CLANG_WARN_EMPTY_BODY = YES;
				CLANG_WARN_ENUM_CONVERSION = YES;
				CLANG_WARN_INFINITE_RECURSION = YES;
				CLANG_WARN_INT_CONVERSION = YES;
				CLANG_WARN_NON_LITERAL_NULL_CONVERSION = YES;
				CLANG_WARN_OBJC_IMPLICIT_RETAIN_SELF = YES;
				CLANG_WARN_OBJC_LITERAL_CONVERSION = YES;
				CLANG_WARN_OBJC_ROOT_CLASS = YES_ERROR;
				CLANG_WARN_RANGE_LOOP_ANALYSIS = YES;
				CLANG_WARN_STRICT_PROTOTYPES = YES;
				CLANG_WARN_SUSPICIOUS_MOVE = YES;
				CLANG_WARN_UNGUARDED_AVAILABILITY = YES_AGGRESSIVE;
				CLANG_WARN_UNREACHABLE_CODE = YES;
				CLANG_WARN__DUPLICATE_METHOD_MATCH = YES;
				CODE_SIGN_IDENTITY = "iPhone Developer";
				COPY_PHASE_STRIP = NO;
				DEBUG_INFORMATION_FORMAT = "dwarf-with-dsym";
				ENABLE_NS_ASSERTIONS = NO;
				ENABLE_STRICT_OBJC_MSGSEND = YES;
				GCC_C_LANGUAGE_STANDARD = gnu11;
				GCC_NO_COMMON_BLOCKS = YES;
				GCC_WARN_64_TO_32_BIT_CONVERSION = YES;
				GCC_WARN_ABOUT_RETURN_TYPE = YES_ERROR;
				GCC_WARN_UNDECLARED_SELECTOR = YES;
				GCC_WARN_UNINITIALIZED_AUTOS = YES_AGGRESSIVE;
				GCC_WARN_UNUSED_FUNCTION = YES;
				GCC_WARN_UNUSED_VARIABLE = YES;
				IPHONEOS_DEPLOYMENT_TARGET = 13.0;
				MTL_ENABLE_DEBUG_INFO = NO;
				MTL_FAST_MATH = YES;
				SDKROOT = iphoneos;
				SWIFT_COMPILATION_MODE = wholemodule;
				SWIFT_OPTIMIZATION_LEVEL = "-O";
				VALIDATE_PRODUCT = YES;
			};
			name = Release;
		};
		8B2788BD22E01D76008E586E /* Debug */ = {
			isa = XCBuildConfiguration;
			buildSettings = {
				ASSETCATALOG_COMPILER_APPICON_NAME = AppIcon;
				CODE_SIGN_STYLE = Automatic;
				CURRENT_PROJECT_VERSION = 1;
				DEVELOPMENT_TEAM = 5C2XD9H2JS;
				INFOPLIST_FILE = PetsDiffingiOS13/Info.plist;
				LD_RUNPATH_SEARCH_PATHS = (
					"$(inherited)",
					"@executable_path/Frameworks",
				);
				PRODUCT_BUNDLE_IDENTIFIER = com.alfianlosari.PetsDiffingiOS13s;
				PRODUCT_NAME = "$(TARGET_NAME)";
				SWIFT_VERSION = 5.0;
				TARGETED_DEVICE_FAMILY = "1,2";
			};
			name = Debug;
		};
		8B2788BE22E01D76008E586E /* Release */ = {
			isa = XCBuildConfiguration;
			buildSettings = {
				ASSETCATALOG_COMPILER_APPICON_NAME = AppIcon;
				CODE_SIGN_STYLE = Automatic;
				CURRENT_PROJECT_VERSION = 1;
				DEVELOPMENT_TEAM = 5C2XD9H2JS;
				INFOPLIST_FILE = PetsDiffingiOS13/Info.plist;
				LD_RUNPATH_SEARCH_PATHS = (
					"$(inherited)",
					"@executable_path/Frameworks",
				);
				PRODUCT_BUNDLE_IDENTIFIER = com.alfianlosari.PetsDiffingiOS13s;
				PRODUCT_NAME = "$(TARGET_NAME)";
				SWIFT_VERSION = 5.0;
				TARGETED_DEVICE_FAMILY = "1,2";
			};
			name = Release;
		};
/* End XCBuildConfiguration section */

/* Begin XCConfigurationList section */
		8B2788A522E01D73008E586E /* Build configuration list for PBXProject "PetsDiffingiOS13" */ = {
			isa = XCConfigurationList;
			buildConfigurations = (
				8B2788BA22E01D76008E586E /* Debug */,
				8B2788BB22E01D76008E586E /* Release */,
			);
			defaultConfigurationIsVisible = 0;
			defaultConfigurationName = Release;
		};
		8B2788BC22E01D76008E586E /* Build configuration list for PBXNativeTarget "PetsDiffingiOS13" */ = {
			isa = XCConfigurationList;
			buildConfigurations = (
				8B2788BD22E01D76008E586E /* Debug */,
				8B2788BE22E01D76008E586E /* Release */,
			);
			defaultConfigurationIsVisible = 0;
			defaultConfigurationName = Release;
		};
/* End XCConfigurationList section */
	};
	rootObject = 8B2788A222E01D73008E586E /* Project object */;
}
